# DO NOT EDIT MANUALLY - Managed by Fern Replay
version: "1.0"
generations:
  - commit_sha: 4731210176db5f3ff8ae412de752a6bab784933b
    tree_hash: 174a9417701e355131f74c18ffa524acf0e5bf75
    timestamp: 2026-09-23T07:50:24.143Z
    cli_version: unknown
    generator_versions: {}
current_generation: 4731210176db5f3ff8ae412de752a6bab784933b
patches: []
